
Microsoft Visual Studio Solution File, Format Version 11.00
# Visual Studio 2010
Project("{FAE04EC0-301F-11D3-BF4B-00C04F79EFBC}") = "Laftrip.iOS", "Laftrip.iOS\Laftrip.iOS.csproj", "{E90D4990-A84A-46FF-AEE1-E13B6919D2D3}"
EndProject
Project("{FAE04EC0-301F-11D3-BF4B-00C04F79EFBC}") = "Laftrip.API", "Laftrip.API\Laftrip.API.csproj", "{D0375730-61BF-4E32-BEBD-1875E4E62848}"
EndProject
Global
	GlobalSection(SolutionConfigurationPlatforms) = preSolution
		Debug|iPhoneSimulator = Debug|iPhoneSimulator
		Release|iPhoneSimulator = Release|iPhoneSimulator
		Debug|iPhone = Debug|iPhone
		Release|iPhone = Release|iPhone
		Ad-Hoc|iPhone = Ad-Hoc|iPhone
		AppStore|iPhone = AppStore|iPhone
	EndGlobalSection
	GlobalSection(ProjectConfigurationPlatforms) = postSolution
		{D0375730-61BF-4E32-BEBD-1875E4E62848}.Ad-Hoc|iPhone.ActiveCfg = Release|Any CPU
		{D0375730-61BF-4E32-BEBD-1875E4E62848}.Ad-Hoc|iPhone.Build.0 = Release|Any CPU
		{D0375730-61BF-4E32-BEBD-1875E4E62848}.AppStore|iPhone.ActiveCfg = Release|Any CPU
		{D0375730-61BF-4E32-BEBD-1875E4E62848}.AppStore|iPhone.Build.0 = Release|Any CPU
		{D0375730-61BF-4E32-BEBD-1875E4E62848}.Debug|iPhone.ActiveCfg = Debug|Any CPU
		{D0375730-61BF-4E32-BEBD-1875E4E62848}.Debug|iPhone.Build.0 = Debug|Any CPU
		{D0375730-61BF-4E32-BEBD-1875E4E62848}.Debug|iPhoneSimulator.ActiveCfg = Debug|Any CPU
		{D0375730-61BF-4E32-BEBD-1875E4E62848}.Debug|iPhoneSimulator.Build.0 = Debug|Any CPU
		{D0375730-61BF-4E32-BEBD-1875E4E62848}.Release|iPhone.ActiveCfg = Release|Any CPU
		{D0375730-61BF-4E32-BEBD-1875E4E62848}.Release|iPhone.Build.0 = Release|Any CPU
		{D0375730-61BF-4E32-BEBD-1875E4E62848}.Release|iPhoneSimulator.ActiveCfg = Release|Any CPU
		{D0375730-61BF-4E32-BEBD-1875E4E62848}.Release|iPhoneSimulator.Build.0 = Release|Any CPU
		{E90D4990-A84A-46FF-AEE1-E13B6919D2D3}.Ad-Hoc|iPhone.ActiveCfg = Ad-Hoc|iPhone
		{E90D4990-A84A-46FF-AEE1-E13B6919D2D3}.Ad-Hoc|iPhone.Build.0 = Ad-Hoc|iPhone
		{E90D4990-A84A-46FF-AEE1-E13B6919D2D3}.AppStore|iPhone.ActiveCfg = AppStore|iPhone
		{E90D4990-A84A-46FF-AEE1-E13B6919D2D3}.AppStore|iPhone.Build.0 = AppStore|iPhone
		{E90D4990-A84A-46FF-AEE1-E13B6919D2D3}.Debug|iPhone.ActiveCfg = Debug|iPhone
		{E90D4990-A84A-46FF-AEE1-E13B6919D2D3}.Debug|iPhone.Build.0 = Debug|iPhone
		{E90D4990-A84A-46FF-AEE1-E13B6919D2D3}.Debug|iPhoneSimulator.ActiveCfg = Debug|iPhoneSimulator
		{E90D4990-A84A-46FF-AEE1-E13B6919D2D3}.Debug|iPhoneSimulator.Build.0 = Debug|iPhoneSimulator
		{E90D4990-A84A-46FF-AEE1-E13B6919D2D3}.Release|iPhone.ActiveCfg = Release|iPhone
		{E90D4990-A84A-46FF-AEE1-E13B6919D2D3}.Release|iPhone.Build.0 = Release|iPhone
		{E90D4990-A84A-46FF-AEE1-E13B6919D2D3}.Release|iPhoneSimulator.ActiveCfg = Release|iPhoneSimulator
		{E90D4990-A84A-46FF-AEE1-E13B6919D2D3}.Release|iPhoneSimulator.Build.0 = Release|iPhoneSimulator
	EndGlobalSection
	GlobalSection(MonoDevelopProperties) = preSolution
		StartupItem = Laftrip.iOS\Laftrip.iOS.csproj
	EndGlobalSection
EndGlobal
